
Microsoft Visual Studio Solution File, Format Version 12.00
# Visual Studio Version 17
VisualStudioVersion = 17.14.36121.58 d17.14
MinimumVisualStudioVersion = 10.0.40219.1
Project("{FAE04EC0-301F-11D3-BF4B-00C04F79EFBC}") = "CompanyEvaluationsAPI", "CompanyEvaluationsAPI\CompanyEvaluationsAPI.csproj", "{0E1DACCD-B40B-4648-94C3-548D3AFB680C}"
EndProject
Global
	GlobalSection(SolutionConfigurationPlatforms) = preSolution
		Debug|Any CPU = Debug|Any CPU
		Release|Any CPU = Release|Any CPU
	EndGlobalSection
	GlobalSection(ProjectConfigurationPlatforms) = postSolution
		{0E1DACCD-B40B-4648-94C3-548D3AFB680C}.Debug|Any CPU.ActiveCfg = Debug|Any CPU
		{0E1DACCD-B40B-4648-94C3-548D3AFB680C}.Debug|Any CPU.Build.0 = Debug|Any CPU
		{0E1DACCD-B40B-4648-94C3-548D3AFB680C}.Release|Any CPU.ActiveCfg = Release|Any CPU
		{0E1DACCD-B40B-4648-94C3-548D3AFB680C}.Release|Any CPU.Build.0 = Release|Any CPU
	EndGlobalSection
	GlobalSection(SolutionProperties) = preSolution
		HideSolutionNode = FALSE
	EndGlobalSection
	GlobalSection(ExtensibilityGlobals) = postSolution
		SolutionGuid = {9C30B0F7-DC61-4750-9B74-96569026755E}
	EndGlobalSection
EndGlobal
